# This file was autogenerated by Stack.
# You should not edit this file by hand.
# For more information, please see the documentation at:
#   https://docs.haskellstack.org/en/stable/lock_files

packages:
- completed:
    name: miso
    version: 1.7.1.0
    git: https://github.com/dmjio/miso.git
    pantry-tree:
      size: 9096
      sha256: 359d5c75327bec576199aa78c92b04aa71ff03653a8b49e3e02930fa7329591d
    commit: d089cb6b72ba42a79d8be6eeb31eda6a2ad7ef36
  original:
    git: https://github.com/dmjio/miso.git
    commit: d089cb6b72ba42a79d8be6eeb31eda6a2ad7ef36
- completed:
    name: servant-jsaddle
    version: '0.16'
    git: https://github.com/FongHou/servant-jsaddle.git
    pantry-tree:
      size: 543
      sha256: 09affa25bb78d03d5fd6d1f3f92e61f4e8bf6fa5d67a0020a9d8da6e777740ec
    commit: 2a45a6c9729328b8ccd330c902cc94aeda5af1d9
  original:
    git: https://github.com/FongHou/servant-jsaddle.git
    commit: 2a45a6c9729328b8ccd330c902cc94aeda5af1d9
- completed:
    hackage: servant-namedargs-0.1.1.1@sha256:7e7705cd90243e41be10ce1dbdb9ac0aaf52875f97554f7134e4f6e0c6701d7c,1259
    pantry-tree:
      size: 349
      sha256: 79a120788184e294a68977f942a32844a196487b30f0e6ba46a1ba92a3084841
  original:
    hackage: servant-namedargs-0.1.1.1
- completed:
    hackage: servant-client-namedargs-0.1.1.1@sha256:5d634477b005893f77d134d37753492430d80e323a59873e9e00f9da636d180f,1809
    pantry-tree:
      size: 366
      sha256: 256369572fa648da29e778cfb86e3b3fc578c58fffd341d474019c0514cd24d9
  original:
    hackage: servant-client-namedargs-0.1.1.1
- completed:
    hackage: aeson-schemas-1.3.2@sha256:0fe60c91e7388308efd114b81a17affa9821da18304b7eee57bfda8231c275c0,5750
    pantry-tree:
      size: 5366
      sha256: 800f2f00b01eb2e345d2333ed73c4cc01bb8d49dcb0bbc504ffa3f24d1683c31
  original:
    hackage: aeson-schemas-1.3.2
- completed:
    hackage: aeson-pretty-0.8.8@sha256:9924a16d0c362ff59dd6d5b875749ff5d599d2688f89d080388a0014714441ef,2291
    pantry-tree:
      size: 337
      sha256: 0e6cc718e70c2cc51726570f2faed6f5cd56e0c23a546198cca2a217213ccc43
  original:
    hackage: aeson-pretty-0.8.8
- completed:
    hackage: lens-aeson-1.1@sha256:4e1794106d49c13a60d6ce1b1d4f3a419c6c6d67371e0ef9fc39e7178fd47dc7,2313
    pantry-tree:
      size: 809
      sha256: ac971d221eaa3843f896ada796dd237ec4005257ae899f064e6b162e02548439
  original:
    hackage: lens-aeson-1.1
- completed:
    hackage: named-0.2.0.0@sha256:8df779149e541567e34e233a83876fccaaa0f93c0e530f5e7805996720392d41,2143
    pantry-tree:
      size: 369
      sha256: da0a68cf008fa87d80e91ef7a7ee2c70338bf8128805a9a8a8214dabc8870e23
  original:
    hackage: named-0.2.0.0
- completed:
    hackage: jsaddle-0.9.7.1@sha256:711e48fa92c04d373fc18f058743dd9a53aecd048c851a47c932ff7d9bff2c82,4418
    pantry-tree:
      size: 4329
      sha256: 5d47086288813d1b0387a37c7b4095eaf90b40150913548b2da43f54fce1f74a
  original:
    hackage: jsaddle-0.9.7.1
- completed:
    hackage: jsaddle-dom-0.9.4.1@sha256:c769ab7d568c6fa9d0ecc9fa1c83091bfd3277c48e7f109a056cd088f399505f,75700
    pantry-tree:
      size: 48295
      sha256: 8216bbceb63aaed6184b28203347ddc697c6a492346d552d6f0937130bce8b1d
  original:
    hackage: jsaddle-dom-0.9.4.1
- completed:
    hackage: jsaddle-warp-0.9.7.1@sha256:a97fc8ed87b3be01b02fa1c3dd5309229ced107e806fe0a2b3efcf970aae7d9a,2713
    pantry-tree:
      size: 475
      sha256: 1a232daaa014ac55ed3d9fb8147eb6e78364be717af2a143a13957ea6dfe5dd2
  original:
    hackage: jsaddle-warp-0.9.7.1
- completed:
    hackage: ghcjs-dom-0.9.4.0@sha256:c2b3d25145e24b66a8a5078c0d750305b577aeff05957cf282d74f6e8d2424dd,32082
    pantry-tree:
      size: 357
      sha256: de76dd6924d6ad9124e836a0fa66a0338f585acbcbfbffd90e8357d1b6b8fbb4
  original:
    hackage: ghcjs-dom-0.9.4.0
- completed:
    hackage: ghcjs-dom-jsaddle-0.9.4.0@sha256:31ddfc5ebcbb4811b0c956fd5fcf106643012b46bb4e0bc2f15d09db1d116fbb,39525
    pantry-tree:
      size: 164
      sha256: 3f665a5e70fab961bf236e5c672f497901632785d403024d7bab1785444a0816
  original:
    hackage: ghcjs-dom-jsaddle-0.9.4.0
- completed:
    hackage: ref-tf-0.4.0.2@sha256:69de3550250e0cd69f45d080359cb314a9487c915024349c75b78732bbee9332,1134
    pantry-tree:
      size: 211
      sha256: fc5a4a35b4c782a33f452c1dc66ffa8ddbf321e2db369bd8823c796f0d4d8c7f
  original:
    hackage: ref-tf-0.4.0.2
snapshots:
- completed:
    size: 524996
    url: https://raw.githubusercontent.com/commercialhaskell/stackage-snapshots/master/lts/14/27.yaml
    sha256: 7ea31a280c56bf36ff591a7397cc384d0dff622e7f9e4225b47d8980f019a0f0
  original: lts-14.27
